
Microsoft Visual Studio Solution File, Format Version 12.00
# Visual Studio Version 16
VisualStudioVersion = 16.0.29709.97
MinimumVisualStudioVersion = 10.0.40219.1
Project("{FAE04EC0-301F-11D3-BF4B-00C04F79EFBC}") = "ReverseString", "ReverseString.csproj", "{4E32A099-F4FB-43CA-831A-E22D10B5CF44}"
EndProject
Global
	GlobalSection(SolutionConfigurationPlatforms) = preSolution
		Debug|Any CPU = Debug|Any CPU
		Release|Any CPU = Release|Any CPU
	EndGlobalSection
	GlobalSection(ProjectConfigurationPlatforms) = postSolution
		{4E32A099-F4FB-43CA-831A-E22D10B5CF44}.Debug|Any CPU.ActiveCfg = Debug|Any CPU
		{4E32A099-F4FB-43CA-831A-E22D10B5CF44}.Debug|Any CPU.Build.0 = Debug|Any CPU
		{4E32A099-F4FB-43CA-831A-E22D10B5CF44}.Release|Any CPU.ActiveCfg = Release|Any CPU
		{4E32A099-F4FB-43CA-831A-E22D10B5CF44}.Release|Any CPU.Build.0 = Release|Any CPU
	EndGlobalSection
	GlobalSection(SolutionProperties) = preSolution
		HideSolutionNode = FALSE
	EndGlobalSection
	GlobalSection(ExtensibilityGlobals) = postSolution
		SolutionGuid = {8133F0B5-7219-4BE3-9916-228AAC6584F5}
	EndGlobalSection
EndGlobal
